
Microsoft Visual Studio Solution File, Format Version 12.00
# Visual Studio 15
VisualStudioVersion = 15.0.28307.572
MinimumVisualStudioVersion = 10.0.40219.1
Project("{FAE04EC0-301F-11D3-BF4B-00C04F79EFBC}") = "KardexMora", "KardexMora\KardexMora.csproj", "{F9FB2DCA-8C27-4CA8-8D05-227E74B9636C}"
EndProject
Global
	GlobalSection(SolutionConfigurationPlatforms) = preSolution
		Debug|Any CPU = Debug|Any CPU
		Release|Any CPU = Release|Any CPU
	EndGlobalSection
	GlobalSection(ProjectConfigurationPlatforms) = postSolution
		{F9FB2DCA-8C27-4CA8-8D05-227E74B9636C}.Debug|Any CPU.ActiveCfg = Debug|Any CPU
		{F9FB2DCA-8C27-4CA8-8D05-227E74B9636C}.Debug|Any CPU.Build.0 = Debug|Any CPU
		{F9FB2DCA-8C27-4CA8-8D05-227E74B9636C}.Release|Any CPU.ActiveCfg = Release|Any CPU
		{F9FB2DCA-8C27-4CA8-8D05-227E74B9636C}.Release|Any CPU.Build.0 = Release|Any CPU
	EndGlobalSection
	GlobalSection(SolutionProperties) = preSolution
		HideSolutionNode = FALSE
	EndGlobalSection
	GlobalSection(ExtensibilityGlobals) = postSolution
		SolutionGuid = {99259D8E-69AE-491D-9337-64F9FC7C61B5}
	EndGlobalSection
EndGlobal
